
Microsoft Visual Studio Solution File, Format Version 12.00
# Visual Studio Version 16
VisualStudioVersion = 16.0.31410.357
MinimumVisualStudioVersion = 10.0.40219.1
Project("{FAE04EC0-301F-11D3-BF4B-00C04F79EFBC}") = "Replays Unpack CS", "Replays Unpack CS\Replays Unpack CS.csproj", "{B7A3AA8B-E20E-4DE9-B63A-A1A96741EFCD}"
EndProject
Global
	GlobalSection(SolutionConfigurationPlatforms) = preSolution
		Debug|Any CPU = Debug|Any CPU
		Release|Any CPU = Release|Any CPU
	EndGlobalSection
	GlobalSection(ProjectConfigurationPlatforms) = postSolution
		{B7A3AA8B-E20E-4DE9-B63A-A1A96741EFCD}.Debug|Any CPU.ActiveCfg = Debug|Any CPU
		{B7A3AA8B-E20E-4DE9-B63A-A1A96741EFCD}.Debug|Any CPU.Build.0 = Debug|Any CPU
		{B7A3AA8B-E20E-4DE9-B63A-A1A96741EFCD}.Release|Any CPU.ActiveCfg = Release|Any CPU
		{B7A3AA8B-E20E-4DE9-B63A-A1A96741EFCD}.Release|Any CPU.Build.0 = Release|Any CPU
	EndGlobalSection
	GlobalSection(SolutionProperties) = preSolution
		HideSolutionNode = FALSE
	EndGlobalSection
	GlobalSection(ExtensibilityGlobals) = postSolution
		SolutionGuid = {26B5CF6B-2C64-417B-8149-3DFD8E93D497}
	EndGlobalSection
EndGlobal
